// !$*UTF8*$!
{
	archiveVersion = 1;
	classes = {
	};
	objectVersion = 50;
	objects = {

/* Begin PBXBuildFile section */
		BDF5267520D9E0280028052C /* AppDelegate.swift in Sources */ = {isa = PBXBuildFile; fileRef = BDF5267420D9E0280028052C /* AppDelegate.swift */; };
		BDF5267720D9E0280028052C /* ViewController.swift in Sources */ = {isa = PBXBuildFile; fileRef = BDF5267620D9E0280028052C /* ViewController.swift */; };
		BDF5267A20D9E0280028052C /* Main.storyboard in Resources */ = {isa = PBXBuildFile; fileRef = BDF5267820D9E0280028052C /* Main.storyboard */; };
		BDF5267C20D9E0290028052C /* Assets.xcassets in Resources */ = {isa = PBXBuildFile; fileRef = BDF5267B20D9E0290028052C /* Assets.xcassets */; };
		BDF5267F20D9E0290028052C /* LaunchScreen.storyboard in Resources */ = {isa = PBXBuildFile; fileRef = BDF5267D20D9E0290028052C /* LaunchScreen.storyboard */; };
		BDF5268720D9E1EE0028052C /* Thesaurus.swift in Sources */ = {isa = PBXBuildFile; fileRef = BDF5268620D9E1EE0028052C /* Thesaurus.swift */; };
/* End PBXBuildFile section */

/* Begin PBXFileReference section */
		BDF5267120D9E0280028052C /* Thesaurus.app */ = {isa = PBXFileReference; explicitFileType = wrapper.application; includeInIndex = 0; path = Thesaurus.app; sourceTree = BUILT_PRODUCTS_DIR; };
		BDF5267420D9E0280028052C /* AppDelegate.swift */ = {isa = PBXFileReference; lastKnownFileType = sourcecode.swift; path = AppDelegate.swift; sourceTree = "<group>"; };
		BDF5267620D9E0280028052C /* ViewController.swift */ = {isa = PBXFileReference; lastKnownFileType = sourcecode.swift; path = ViewController.swift; sourceTree = "<group>"; };
		BDF5267920D9E0280028052C /* Base */ = {isa = PBXFileReference; lastKnownFileType = file.storyboard; name = Base; path = Base.lproj/Main.storyboard; sourceTree = "<group>"; };
		BDF5267B20D9E0290028052C /* Assets.xcassets */ = {isa = PBXFileReference; lastKnownFileType = folder.assetcatalog; path = Assets.xcassets; sourceTree = "<group>"; };
		BDF5267E20D9E0290028052C /* Base */ = {isa = PBXFileReference; lastKnownFileType = file.storyboard; name = Base; path = Base.lproj/LaunchScreen.storyboard; sourceTree = "<group>"; };
		BDF5268020D9E0290028052C /* Info.plist */ = {isa = PBXFileReference; lastKnownFileType = text.plist.xml; path = Info.plist; sourceTree = "<group>"; };
		BDF5268620D9E1EE0028052C /* Thesaurus.swift */ = {isa = PBXFileReference; lastKnownFileType = sourcecode.swift; path = Thesaurus.swift; sourceTree = "<group>"; };
/* End PBXFileReference section */

/* Begin PBXFrameworksBuildPhase section */
		BDF5266E20D9E0280028052C /* Frameworks */ = {
			isa = PBXFrameworksBuildPhase;
			buildActionMask = 2147483647;
			files = (
			);
			runOnlyForDeploymentPostprocessing = 0;
		};
/* End PBXFrameworksBuildPhase section */

/* Begin PBXGroup section */
		BDF5266820D9E0280028052C = {
			isa = PBXGroup;
			children = (
				BDF5267320D9E0280028052C /* Thesaurus */,
				BDF5267220D9E0280028052C /* Products */,
			);
			sourceTree = "<group>";
		};
		BDF5267220D9E0280028052C /* Products */ = {
			isa = PBXGroup;
			children = (
				BDF5267120D9E0280028052C /* Thesaurus.app */,
			);
			name = Products;
			sourceTree = "<group>";
		};
		BDF5267320D9E0280028052C /* Thesaurus */ = {
			isa = PBXGroup;
			children = (
				BDF5267420D9E0280028052C /* AppDelegate.swift */,
				BDF5267620D9E0280028052C /* ViewController.swift */,
				BDF5267820D9E0280028052C /* Main.storyboard */,
				BDF5268620D9E1EE0028052C /* Thesaurus.swift */,
				BDF5267B20D9E0290028052C /* Assets.xcassets */,
				BDF5267D20D9E0290028052C /* LaunchScreen.storyboard */,
				BDF5268020D9E0290028052C /* Info.plist */,
			);
			path = Thesaurus;
			sourceTree = "<group>";
		};
/* End PBXGroup section */

/* Begin PBXNativeTarget section */
		BDF5267020D9E0280028052C /* Thesaurus */ = {
			isa = PBXNativeTarget;
			buildConfigurationList = BDF5268320D9E0290028052C /* Build configuration list for PBXNativeTarget "Thesaurus" */;
			buildPhases = (
				BDF5266D20D9E0280028052C /* Sources */,
				BDF5266E20D9E0280028052C /* Frameworks */,
				BDF5266F20D9E0280028052C /* Resources */,
			);
			buildRules = (
			);
			dependencies = (
			);
			name = Thesaurus;
			productName = Thesaurus;
			productReference = BDF5267120D9E0280028052C /* Thesaurus.app */;
			productType = "com.apple.product-type.application";
		};
/* End PBXNativeTarget section */

/* Begin PBXProject section */
		BDF5266920D9E0280028052C /* Project object */ = {
			isa = PBXProject;
			attributes = {
				LastSwiftUpdateCheck = 0940;
				LastUpgradeCheck = 0940;
				ORGANIZATIONNAME = "Woodward Pet Sitting";
				TargetAttributes = {
					BDF5267020D9E0280028052C = {
						CreatedOnToolsVersion = 9.4.1;
					};
				};
			};
			buildConfigurationList = BDF5266C20D9E0280028052C /* Build configuration list for PBXProject "Thesaurus" */;
			compatibilityVersion = "Xcode 9.3";
			developmentRegion = en;
			hasScannedForEncodings = 0;
			knownRegions = (
				en,
				Base,
			);
			mainGroup = BDF5266820D9E0280028052C;
			productRefGroup = BDF5267220D9E0280028052C /* Products */;
			projectDirPath = "";
			projectRoot = "";
			targets = (
				BDF5267020D9E0280028052C /* Thesaurus */,
			);
		};
/* End PBXProject section */

/* Begin PBXResourcesBuildPhase section */
		BDF5266F20D9E0280028052C /* Resources */ = {
			isa = PBXResourcesBuildPhase;
			buildActionMask = 2147483647;
			files = (
				BDF5267F20D9E0290028052C /* LaunchScreen.storyboard in Resources */,
				BDF5267C20D9E0290028052C /* Assets.xcassets in Resources */,
				BDF5267A20D9E0280028052C /* Main.storyboard in Resources */,
			);
			runOnlyForDeploymentPostprocessing = 0;
		};
/* End PBXResourcesBuildPhase section */

/* Begin PBXSourcesBuildPhase section */
		BDF5266D20D9E0280028052C /* Sources */ = {
			isa = PBXSourcesBuildPhase;
			buildActionMask = 2147483647;
			files = (
				BDF5267720D9E0280028052C /* ViewController.swift in Sources */,
				BDF5267520D9E0280028052C /* AppDelegate.swift in Sources */,
				BDF5268720D9E1EE0028052C /* Thesaurus.swift in Sources */,
			);
			runOnlyForDeploymentPostprocessing = 0;
		};
/* End PBXSourcesBuildPhase section */

/* Begin PBXVariantGroup section */
		BDF5267820D9E0280028052C /* Main.storyboard */ = {
			isa = PBXVariantGroup;
			children = (
				BDF5267920D9E0280028052C /* Base */,
			);
			name = Main.storyboard;
			sourceTree = "<group>";
		};
		BDF5267D20D9E0290028052C /* LaunchScreen.storyboard */ = {
			isa = PBXVariantGroup;
			children = (
				BDF5267E20D9E0290028052C /* Base */,
			);
			name = LaunchScreen.storyboard;
			sourceTree = "<group>";
		};
/* End PBXVariantGroup section */

/* Begin XCBuildConfiguration section */
		BDF5268120D9E0290028052C /* Debug */ = {
			isa = XCBuildConfiguration;
			buildSettings = {
				ALWAYS_SEARCH_USER_PATHS = NO;
				CLANG_ANALYZER_NONNULL = YES;
				CLANG_ANALYZER_NUMBER_OBJECT_CONVERSION = YES_AGGRESSIVE;
				CLANG_CXX_LANGUAGE_STANDARD = "gnu++14";
				CLANG_CXX_LIBRARY = "libc++";
				CLANG_ENABLE_MODULES = YES;
				CLANG_ENABLE_OBJC_ARC = YES;
				CLANG_ENABLE_OBJC_WEAK = YES;
				CLANG_WARN_BLOCK_CAPTURE_AUTORELEASING = YES;
				CLANG_WARN_BOOL_CONVERSION = YES;
				CLANG_WARN_COMMA = YES;
				CLANG_WARN_CONSTANT_CONVERSION = YES;
				CLANG_WARN_DEPRECATED_OBJC_IMPLEMENTATIONS = YES;
				CLANG_WARN_DIRECT_OBJC_ISA_USAGE = YES_ERROR;
				CLANG_WARN_DOCUMENTATION_COMMENTS = YES;
				CLANG_WARN_EMPTY_BODY = YES;
				CLANG_WARN_ENUM_CONVERSION = YES;
				CLANG_WARN_INFINITE_RECURSION = YES;
				CLANG_WARN_INT_CONVERSION = YES;
				CLANG_WARN_NON_LITERAL_NULL_CONVERSION = YES;
				CLANG_WARN_OBJC_IMPLICIT_RETAIN_SELF = YES;
				CLANG_WARN_OBJC_LITERAL_CONVERSION = YES;
				CLANG_WARN_OBJC_ROOT_CLASS = YES_ERROR;
				CLANG_WARN_RANGE_LOOP_ANALYSIS = YES;
				CLANG_WARN_STRICT_PROTOTYPES = YES;
				CLANG_WARN_SUSPICIOUS_MOVE = YES;
				CLANG_WARN_UNGUARDED_AVAILABILITY = YES_AGGRESSIVE;
				CLANG_WARN_UNREACHABLE_CODE = YES;
				CLANG_WARN__DUPLICATE_METHOD_MATCH = YES;
				CODE_SIGN_IDENTITY = "iPhone Developer";
				COPY_PHASE_STRIP = NO;
				DEBUG_INFORMATION_FORMAT = dwarf;
				ENABLE_STRICT_OBJC_MSGSEND = YES;
				ENABLE_TESTABILITY = YES;
				GCC_C_LANGUAGE_STANDARD = gnu11;
				GCC_DYNAMIC_NO_PIC = NO;
				GCC_NO_COMMON_BLOCKS = YES;
				GCC_OPTIMIZATION_LEVEL = 0;
				GCC_PREPROCESSOR_DEFINITIONS = (
					"DEBUG=1",
					"$(inherited)",
				);
				GCC_WARN_64_TO_32_BIT_CONVERSION = YES;
				GCC_WARN_ABOUT_RETURN_TYPE = YES_ERROR;
				GCC_WARN_UNDECLARED_SELECTOR = YES;
				GCC_WARN_UNINITIALIZED_AUTOS = YES_AGGRESSIVE;
				GCC_WARN_UNUSED_FUNCTION = YES;
				GCC_WARN_UNUSED_VARIABLE = YES;
				IPHONEOS_DEPLOYMENT_TARGET = 11.4;
				MTL_ENABLE_DEBUG_INFO = YES;
				ONLY_ACTIVE_ARCH = YES;
				SDKROOT = iphoneos;
				SWIFT_ACTIVE_COMPILATION_CONDITIONS = DEBUG;
				SWIFT_OPTIMIZATION_LEVEL = "-Onone";
			};
			name = Debug;
		};
		BDF5268220D9E0290028052C /* Release */ = {
			isa = XCBuildConfiguration;
			buildSettings = {
				ALWAYS_SEARCH_USER_PATHS = NO;
				CLANG_ANALYZER_NONNULL = YES;
				CLANG_ANALYZER_NUMBER_OBJECT_CONVERSION = YES_AGGRESSIVE;
				CLANG_CXX_LANGUAGE_STANDARD = "gnu++14";
				CLANG_CXX_LIBRARY = "libc++";
				CLANG_ENABLE_MODULES = YES;
				CLANG_ENABLE_OBJC_ARC = YES;
				CLANG_ENABLE_OBJC_WEAK = YES;
				CLANG_WARN_BLOCK_CAPTURE_AUTORELEASING = YES;
				CLANG_WARN_BOOL_CONVERSION = YES;
				CLANG_WARN_COMMA = YES;
				CLANG_WARN_CONSTANT_CONVERSION = YES;
				CLANG_WARN_DEPRECATED_OBJC_IMPLEMENTATIONS = YES;
				CLANG_WARN_DIRECT_OBJC_ISA_USAGE = YES_ERROR;
				CLANG_WARN_DOCUMENTATION_COMMENTS = YES;
				CLANG_WARN_EMPTY_BODY = YES;
				CLANG_WARN_ENUM_CONVERSION = YES;
				CLANG_WARN_INFINITE_RECURSION = YES;
				CLANG_WARN_INT_CONVERSION = YES;
				CLANG_WARN_NON_LITERAL_NULL_CONVERSION = YES;
				CLANG_WARN_OBJC_IMPLICIT_RETAIN_SELF = YES;
				CLANG_WARN_OBJC_LITERAL_CONVERSION = YES;
				CLANG_WARN_OBJC_ROOT_CLASS = YES_ERROR;
				CLANG_WARN_RANGE_LOOP_ANALYSIS = YES;
				CLANG_WARN_STRICT_PROTOTYPES = YES;
				CLANG_WARN_SUSPICIOUS_MOVE = YES;
				CLANG_WARN_UNGUARDED_AVAILABILITY = YES_AGGRESSIVE;
				CLANG_WARN_UNREACHABLE_CODE = YES;
				CLANG_WARN__DUPLICATE_METHOD_MATCH = YES;
				CODE_SIGN_IDENTITY = "iPhone Developer";
				COPY_PHASE_STRIP = NO;
				DEBUG_INFORMATION_FORMAT = "dwarf-with-dsym";
				ENABLE_NS_ASSERTIONS = NO;
				ENABLE_STRICT_OBJC_MSGSEND = YES;
				GCC_C_LANGUAGE_STANDARD = gnu11;
				GCC_NO_COMMON_BLOCKS = YES;
				GCC_WARN_64_TO_32_BIT_CONVERSION = YES;
				GCC_WARN_ABOUT_RETURN_TYPE = YES_ERROR;
				GCC_WARN_UNDECLARED_SELECTOR = YES;
				GCC_WARN_UNINITIALIZED_AUTOS = YES_AGGRESSIVE;
				GCC_WARN_UNUSED_FUNCTION = YES;
				GCC_WARN_UNUSED_VARIABLE = YES;
				IPHONEOS_DEPLOYMENT_TARGET = 11.4;
				MTL_ENABLE_DEBUG_INFO = NO;
				SDKROOT = iphoneos;
				SWIFT_COMPILATION_MODE = wholemodule;
				SWIFT_OPTIMIZATION_LEVEL = "-O";
				VALIDATE_PRODUCT = YES;
			};
			name = Release;
		};
		BDF5268420D9E0290028052C /* Debug */ = {
			isa = XCBuildConfiguration;
			buildSettings = {
				ASSETCATALOG_COMPILER_APPICON_NAME = AppIcon;
				CODE_SIGN_STYLE = Automatic;
				DEVELOPMENT_TEAM = 9J2CPTME8U;
				INFOPLIST_FILE = Thesaurus/Info.plist;
				LD_RUNPATH_SEARCH_PATHS = (
					"$(inherited)",
					"@executable_path/Frameworks",
				);
				PRODUCT_BUNDLE_IDENTIFIER = com.woodwardpetsitting.Thesaurus;
				PRODUCT_NAME = "$(TARGET_NAME)";
				SWIFT_VERSION = 4.0;
				TARGETED_DEVICE_FAMILY = "1,2";
			};
			name = Debug;
		};
		BDF5268520D9E0290028052C /* Release */ = {
			isa = XCBuildConfiguration;
			buildSettings = {
				ASSETCATALOG_COMPILER_APPICON_NAME = AppIcon;
				CODE_SIGN_STYLE = Automatic;
				DEVELOPMENT_TEAM = 9J2CPTME8U;
				INFOPLIST_FILE = Thesaurus/Info.plist;
				LD_RUNPATH_SEARCH_PATHS = (
					"$(inherited)",
					"@executable_path/Frameworks",
				);
				PRODUCT_BUNDLE_IDENTIFIER = com.woodwardpetsitting.Thesaurus;
				PRODUCT_NAME = "$(TARGET_NAME)";
				SWIFT_VERSION = 4.0;
				TARGETED_DEVICE_FAMILY = "1,2";
			};
			name = Release;
		};
/* End XCBuildConfiguration section */

/* Begin XCConfigurationList section */
		BDF5266C20D9E0280028052C /* Build configuration list for PBXProject "Thesaurus" */ = {
			isa = XCConfigurationList;
			buildConfigurations = (
				BDF5268120D9E0290028052C /* Debug */,
				BDF5268220D9E0290028052C /* Release */,
			);
			defaultConfigurationIsVisible = 0;
			defaultConfigurationName = Release;
		};
		BDF5268320D9E0290028052C /* Build configuration list for PBXNativeTarget "Thesaurus" */ = {
			isa = XCConfigurationList;
			buildConfigurations = (
				BDF5268420D9E0290028052C /* Debug */,
				BDF5268520D9E0290028052C /* Release */,
			);
			defaultConfigurationIsVisible = 0;
			defaultConfigurationName = Release;
		};
/* End XCConfigurationList section */
	};
	rootObject = BDF5266920D9E0280028052C /* Project object */;
}
